
Microsoft Visual Studio Solution File, Format Version 12.00
# Visual Studio 2012
Project("{FAE04EC0-301F-11D3-BF4B-00C04F79EFBC}") = "Jeran", "Jeran\Jeran.csproj", "{FBFDEC1B-8AE8-45F1-A935-790F71E81981}"
EndProject
Project("{FAE04EC0-301F-11D3-BF4B-00C04F79EFBC}") = "detector", "detector\detector.csproj", "{47026EF6-836C-4ADC-A838-7F071EB65D1C}"
EndProject
Project("{FAE04EC0-301F-11D3-BF4B-00C04F79EFBC}") = "Logger", "Logger\Logger.csproj", "{FA57ED6C-91A9-49CA-A616-A78CB4FF89AB}"
EndProject
Global
	GlobalSection(SolutionConfigurationPlatforms) = preSolution
		Debug|Any CPU = Debug|Any CPU
		Release|Any CPU = Release|Any CPU
	EndGlobalSection
	GlobalSection(ProjectConfigurationPlatforms) = postSolution
		{FBFDEC1B-8AE8-45F1-A935-790F71E81981}.Debug|Any CPU.ActiveCfg = Debug|Any CPU
		{FBFDEC1B-8AE8-45F1-A935-790F71E81981}.Debug|Any CPU.Build.0 = Debug|Any CPU
		{FBFDEC1B-8AE8-45F1-A935-790F71E81981}.Release|Any CPU.ActiveCfg = Release|Any CPU
		{FBFDEC1B-8AE8-45F1-A935-790F71E81981}.Release|Any CPU.Build.0 = Release|Any CPU
		{47026EF6-836C-4ADC-A838-7F071EB65D1C}.Debug|Any CPU.ActiveCfg = Debug|Any CPU
		{47026EF6-836C-4ADC-A838-7F071EB65D1C}.Debug|Any CPU.Build.0 = Debug|Any CPU
		{47026EF6-836C-4ADC-A838-7F071EB65D1C}.Release|Any CPU.ActiveCfg = Release|Any CPU
		{47026EF6-836C-4ADC-A838-7F071EB65D1C}.Release|Any CPU.Build.0 = Release|Any CPU
		{FA57ED6C-91A9-49CA-A616-A78CB4FF89AB}.Debug|Any CPU.ActiveCfg = Debug|Any CPU
		{FA57ED6C-91A9-49CA-A616-A78CB4FF89AB}.Debug|Any CPU.Build.0 = Debug|Any CPU
		{FA57ED6C-91A9-49CA-A616-A78CB4FF89AB}.Release|Any CPU.ActiveCfg = Release|Any CPU
		{FA57ED6C-91A9-49CA-A616-A78CB4FF89AB}.Release|Any CPU.Build.0 = Release|Any CPU
	EndGlobalSection
	GlobalSection(SolutionProperties) = preSolution
		HideSolutionNode = FALSE
	EndGlobalSection
EndGlobal
